
Microsoft Visual Studio Solution File, Format Version 12.00
# Visual Studio 15
VisualStudioVersion = 15.0.28307.489
MinimumVisualStudioVersion = 10.0.40219.1
Project("{FAE04EC0-301F-11D3-BF4B-00C04F79EFBC}") = "TestEchoBot", "TestEchoBot.csproj", "{9A195D26-47E2-4088-A8A8-797EC56E8159}"
EndProject
Global
	GlobalSection(SolutionConfigurationPlatforms) = preSolution
		Debug|Any CPU = Debug|Any CPU
		Release|Any CPU = Release|Any CPU
	EndGlobalSection
	GlobalSection(ProjectConfigurationPlatforms) = postSolution
		{9A195D26-47E2-4088-A8A8-797EC56E8159}.Debug|Any CPU.ActiveCfg = Debug|Any CPU
		{9A195D26-47E2-4088-A8A8-797EC56E8159}.Debug|Any CPU.Build.0 = Debug|Any CPU
		{9A195D26-47E2-4088-A8A8-797EC56E8159}.Release|Any CPU.ActiveCfg = Release|Any CPU
		{9A195D26-47E2-4088-A8A8-797EC56E8159}.Release|Any CPU.Build.0 = Release|Any CPU
	EndGlobalSection
	GlobalSection(SolutionProperties) = preSolution
		HideSolutionNode = FALSE
	EndGlobalSection
	GlobalSection(ExtensibilityGlobals) = postSolution
		SolutionGuid = {55A74865-6257-4B5A-80B5-CEB81E57C64C}
	EndGlobalSection
EndGlobal
